
Microsoft Visual Studio Solution File, Format Version 12.00
# Visual Studio Version 16
VisualStudioVersion = 16.0.31105.61
MinimumVisualStudioVersion = 10.0.40219.1
Project("{9A19103F-16F7-4668-BE54-9A1E7A4F7556}") = "SchoolManagement.Core", "SchoolManagement.Core\SchoolManagement.Core.csproj", "{FE8372C2-24A5-4BE1-8798-32477CFAFC03}"
EndProject
Project("{9A19103F-16F7-4668-BE54-9A1E7A4F7556}") = "SchoolManagement.Business", "SchoolManagement.Business\SchoolManagement.Business.csproj", "{6E2F098F-A531-48FF-92CE-3BA0A57E23AF}"
EndProject
Project("{9A19103F-16F7-4668-BE54-9A1E7A4F7556}") = "WebAPI", "WebAPI\WebAPI.csproj", "{4E1FD720-1A3B-4A63-8C79-71AAC4DBE931}"
EndProject
Project("{9A19103F-16F7-4668-BE54-9A1E7A4F7556}") = "SchoolManagement.EntityFramework", "SchoolManagement.EntityFramework\SchoolManagement.EntityFramework.csproj", "{2F025AEF-0302-45BD-ABF4-FC5DAB91C7E5}"
EndProject
Project("{FAE04EC0-301F-11D3-BF4B-00C04F79EFBC}") = "SchoolManagement.sheared", "SchoolManagement.sheared\SchoolManagement.sheared.csproj", "{1D84B045-9C01-4E23-BD7D-4E00B8C4D6F1}"
EndProject
Global
	GlobalSection(SolutionConfigurationPlatforms) = preSolution
		Debug|Any CPU = Debug|Any CPU
		Release|Any CPU = Release|Any CPU
	EndGlobalSection
	GlobalSection(ProjectConfigurationPlatforms) = postSolution
		{FE8372C2-24A5-4BE1-8798-32477CFAFC03}.Debug|Any CPU.ActiveCfg = Debug|Any CPU
		{FE8372C2-24A5-4BE1-8798-32477CFAFC03}.Debug|Any CPU.Build.0 = Debug|Any CPU
		{FE8372C2-24A5-4BE1-8798-32477CFAFC03}.Release|Any CPU.ActiveCfg = Release|Any CPU
		{FE8372C2-24A5-4BE1-8798-32477CFAFC03}.Release|Any CPU.Build.0 = Release|Any CPU
		{6E2F098F-A531-48FF-92CE-3BA0A57E23AF}.Debug|Any CPU.ActiveCfg = Debug|Any CPU
		{6E2F098F-A531-48FF-92CE-3BA0A57E23AF}.Debug|Any CPU.Build.0 = Debug|Any CPU
		{6E2F098F-A531-48FF-92CE-3BA0A57E23AF}.Release|Any CPU.ActiveCfg = Release|Any CPU
		{6E2F098F-A531-48FF-92CE-3BA0A57E23AF}.Release|Any CPU.Build.0 = Release|Any CPU
		{4E1FD720-1A3B-4A63-8C79-71AAC4DBE931}.Debug|Any CPU.ActiveCfg = Debug|Any CPU
		{4E1FD720-1A3B-4A63-8C79-71AAC4DBE931}.Debug|Any CPU.Build.0 = Debug|Any CPU
		{4E1FD720-1A3B-4A63-8C79-71AAC4DBE931}.Release|Any CPU.ActiveCfg = Release|Any CPU
		{4E1FD720-1A3B-4A63-8C79-71AAC4DBE931}.Release|Any CPU.Build.0 = Release|Any CPU
		{2F025AEF-0302-45BD-ABF4-FC5DAB91C7E5}.Debug|Any CPU.ActiveCfg = Debug|Any CPU
		{2F025AEF-0302-45BD-ABF4-FC5DAB91C7E5}.Debug|Any CPU.Build.0 = Debug|Any CPU
		{2F025AEF-0302-45BD-ABF4-FC5DAB91C7E5}.Release|Any CPU.ActiveCfg = Release|Any CPU
		{2F025AEF-0302-45BD-ABF4-FC5DAB91C7E5}.Release|Any CPU.Build.0 = Release|Any CPU
		{1D84B045-9C01-4E23-BD7D-4E00B8C4D6F1}.Debug|Any CPU.ActiveCfg = Debug|Any CPU
		{1D84B045-9C01-4E23-BD7D-4E00B8C4D6F1}.Debug|Any CPU.Build.0 = Debug|Any CPU
		{1D84B045-9C01-4E23-BD7D-4E00B8C4D6F1}.Release|Any CPU.ActiveCfg = Release|Any CPU
		{1D84B045-9C01-4E23-BD7D-4E00B8C4D6F1}.Release|Any CPU.Build.0 = Release|Any CPU
	EndGlobalSection
	GlobalSection(SolutionProperties) = preSolution
		HideSolutionNode = FALSE
	EndGlobalSection
	GlobalSection(ExtensibilityGlobals) = postSolution
		SolutionGuid = {C04E28A7-AF3F-4EB7-A952-1DAA431917F6}
	EndGlobalSection
EndGlobal
